
Microsoft Visual Studio Solution File, Format Version 12.00
# Visual Studio Version 16
VisualStudioVersion = 16.0.30413.136
MinimumVisualStudioVersion = 10.0.40219.1
Project("{FAE04EC0-301F-11D3-BF4B-00C04F79EFBC}") = "ComputerRepairShop.Web", "ComputerReperatieShop\ComputerRepairShop.Web.csproj", "{BA8328C6-D388-40F4-BC9D-43D9AE7ECCF1}"
EndProject
Project("{9A19103F-16F7-4668-BE54-9A1E7A4F7556}") = "ComputerRepairShop.Data", "DAL\ComputerRepairShop.Data.csproj", "{CB28B9FE-56BF-460D-94BF-6980E07FD1E5}"
EndProject
Project("{FAE04EC0-301F-11D3-BF4B-00C04F79EFBC}") = "ComputerRepairShop.Classes", "Classes\ComputerRepairShop.Classes.csproj", "{DB2B0961-E002-4B08-847D-49AA9CC80448}"
EndProject
Global
	GlobalSection(SolutionConfigurationPlatforms) = preSolution
		Debug|Any CPU = Debug|Any CPU
		Release|Any CPU = Release|Any CPU
	EndGlobalSection
	GlobalSection(ProjectConfigurationPlatforms) = postSolution
		{BA8328C6-D388-40F4-BC9D-43D9AE7ECCF1}.Debug|Any CPU.ActiveCfg = Debug|Any CPU
		{BA8328C6-D388-40F4-BC9D-43D9AE7ECCF1}.Debug|Any CPU.Build.0 = Debug|Any CPU
		{BA8328C6-D388-40F4-BC9D-43D9AE7ECCF1}.Release|Any CPU.ActiveCfg = Release|Any CPU
		{BA8328C6-D388-40F4-BC9D-43D9AE7ECCF1}.Release|Any CPU.Build.0 = Release|Any CPU
		{CB28B9FE-56BF-460D-94BF-6980E07FD1E5}.Debug|Any CPU.ActiveCfg = Debug|Any CPU
		{CB28B9FE-56BF-460D-94BF-6980E07FD1E5}.Debug|Any CPU.Build.0 = Debug|Any CPU
		{CB28B9FE-56BF-460D-94BF-6980E07FD1E5}.Release|Any CPU.ActiveCfg = Release|Any CPU
		{CB28B9FE-56BF-460D-94BF-6980E07FD1E5}.Release|Any CPU.Build.0 = Release|Any CPU
		{DB2B0961-E002-4B08-847D-49AA9CC80448}.Debug|Any CPU.ActiveCfg = Debug|Any CPU
		{DB2B0961-E002-4B08-847D-49AA9CC80448}.Debug|Any CPU.Build.0 = Debug|Any CPU
		{DB2B0961-E002-4B08-847D-49AA9CC80448}.Release|Any CPU.ActiveCfg = Release|Any CPU
		{DB2B0961-E002-4B08-847D-49AA9CC80448}.Release|Any CPU.Build.0 = Release|Any CPU
	EndGlobalSection
	GlobalSection(SolutionProperties) = preSolution
		HideSolutionNode = FALSE
	EndGlobalSection
	GlobalSection(ExtensibilityGlobals) = postSolution
		SolutionGuid = {F8DBD3CB-F089-4DCA-835B-B7B07CBD58B4}
	EndGlobalSection
EndGlobal
